// !$*UTF8*$!
{
	archiveVersion = 1;
	classes = {
	};
	objectVersion = 46;
	objects = {

/* Begin PBXBuildFile section */
		E119F50A1E8E4A1D00042B37 /* AppDelegate.swift in Sources */ = {isa = PBXBuildFile; fileRef = E119F5091E8E4A1D00042B37 /* AppDelegate.swift */; };
		E119F50C1E8E4A1D00042B37 /* ViewController.swift in Sources */ = {isa = PBXBuildFile; fileRef = E119F50B1E8E4A1D00042B37 /* ViewController.swift */; };
		E119F50F1E8E4A1D00042B37 /* Main.storyboard in Resources */ = {isa = PBXBuildFile; fileRef = E119F50D1E8E4A1D00042B37 /* Main.storyboard */; };
		E119F5111E8E4A1D00042B37 /* Assets.xcassets in Resources */ = {isa = PBXBuildFile; fileRef = E119F5101E8E4A1D00042B37 /* Assets.xcassets */; };
		E119F5141E8E4A1D00042B37 /* LaunchScreen.storyboard in Resources */ = {isa = PBXBuildFile; fileRef = E119F5121E8E4A1D00042B37 /* LaunchScreen.storyboard */; };
/* End PBXBuildFile section */

/* Begin PBXFileReference section */
		E119F5061E8E4A1D00042B37 /* AvPlayer.app */ = {isa = PBXFileReference; explicitFileType = wrapper.application; includeInIndex = 0; path = AvPlayer.app; sourceTree = BUILT_PRODUCTS_DIR; };
		E119F5091E8E4A1D00042B37 /* AppDelegate.swift */ = {isa = PBXFileReference; lastKnownFileType = sourcecode.swift; path = AppDelegate.swift; sourceTree = "<group>"; };
		E119F50B1E8E4A1D00042B37 /* ViewController.swift */ = {isa = PBXFileReference; lastKnownFileType = sourcecode.swift; path = ViewController.swift; sourceTree = "<group>"; };
		E119F50E1E8E4A1D00042B37 /* Base */ = {isa = PBXFileReference; lastKnownFileType = file.storyboard; name = Base; path = Base.lproj/Main.storyboard; sourceTree = "<group>"; };
		E119F5101E8E4A1D00042B37 /* Assets.xcassets */ = {isa = PBXFileReference; lastKnownFileType = folder.assetcatalog; path = Assets.xcassets; sourceTree = "<group>"; };
		E119F5131E8E4A1D00042B37 /* Base */ = {isa = PBXFileReference; lastKnownFileType = file.storyboard; name = Base; path = Base.lproj/LaunchScreen.storyboard; sourceTree = "<group>"; };
		E119F5151E8E4A1D00042B37 /* Info.plist */ = {isa = PBXFileReference; lastKnownFileType = text.plist.xml; path = Info.plist; sourceTree = "<group>"; };
/* End PBXFileReference section */

/* Begin PBXFrameworksBuildPhase section */
		E119F5031E8E4A1D00042B37 /* Frameworks */ = {
			isa = PBXFrameworksBuildPhase;
			buildActionMask = 2147483647;
			files = (
			);
			runOnlyForDeploymentPostprocessing = 0;
		};
/* End PBXFrameworksBuildPhase section */

/* Begin PBXGroup section */
		E119F4FD1E8E4A1D00042B37 = {
			isa = PBXGroup;
			children = (
				E119F5081E8E4A1D00042B37 /* AvPlayer */,
				E119F5071E8E4A1D00042B37 /* Products */,
			);
			sourceTree = "<group>";
		};
		E119F5071E8E4A1D00042B37 /* Products */ = {
			isa = PBXGroup;
			children = (
				E119F5061E8E4A1D00042B37 /* AvPlayer.app */,
			);
			name = Products;
			sourceTree = "<group>";
		};
		E119F5081E8E4A1D00042B37 /* AvPlayer */ = {
			isa = PBXGroup;
			children = (
				E119F5091E8E4A1D00042B37 /* AppDelegate.swift */,
				E119F50B1E8E4A1D00042B37 /* ViewController.swift */,
				E119F50D1E8E4A1D00042B37 /* Main.storyboard */,
				E119F5101E8E4A1D00042B37 /* Assets.xcassets */,
				E119F5121E8E4A1D00042B37 /* LaunchScreen.storyboard */,
				E119F5151E8E4A1D00042B37 /* Info.plist */,
			);
			path = AvPlayer;
			sourceTree = "<group>";
		};
/* End PBXGroup section */

/* Begin PBXNativeTarget section */
		E119F5051E8E4A1D00042B37 /* AvPlayer */ = {
			isa = PBXNativeTarget;
			buildConfigurationList = E119F5181E8E4A1D00042B37 /* Build configuration list for PBXNativeTarget "AvPlayer" */;
			buildPhases = (
				E119F5021E8E4A1D00042B37 /* Sources */,
				E119F5031E8E4A1D00042B37 /* Frameworks */,
				E119F5041E8E4A1D00042B37 /* Resources */,
			);
			buildRules = (
			);
			dependencies = (
			);
			name = AvPlayer;
			productName = AvPlayer;
			productReference = E119F5061E8E4A1D00042B37 /* AvPlayer.app */;
			productType = "com.apple.product-type.application";
		};
/* End PBXNativeTarget section */

/* Begin PBXProject section */
		E119F4FE1E8E4A1D00042B37 /* Project object */ = {
			isa = PBXProject;
			attributes = {
				LastSwiftUpdateCheck = 0820;
				LastUpgradeCheck = 0820;
				ORGANIZATIONNAME = Apress;
				TargetAttributes = {
					E119F5051E8E4A1D00042B37 = {
						CreatedOnToolsVersion = 8.2.1;
						DevelopmentTeam = JGQ4YX7BY4;
						ProvisioningStyle = Automatic;
					};
				};
			};
			buildConfigurationList = E119F5011E8E4A1D00042B37 /* Build configuration list for PBXProject "AvPlayer" */;
			compatibilityVersion = "Xcode 3.2";
			developmentRegion = English;
			hasScannedForEncodings = 0;
			knownRegions = (
				en,
				Base,
			);
			mainGroup = E119F4FD1E8E4A1D00042B37;
			productRefGroup = E119F5071E8E4A1D00042B37 /* Products */;
			projectDirPath = "";
			projectRoot = "";
			targets = (
				E119F5051E8E4A1D00042B37 /* AvPlayer */,
			);
		};
/* End PBXProject section */

/* Begin PBXResourcesBuildPhase section */
		E119F5041E8E4A1D00042B37 /* Resources */ = {
			isa = PBXResourcesBuildPhase;
			buildActionMask = 2147483647;
			files = (
				E119F5141E8E4A1D00042B37 /* LaunchScreen.storyboard in Resources */,
				E119F5111E8E4A1D00042B37 /* Assets.xcassets in Resources */,
				E119F50F1E8E4A1D00042B37 /* Main.storyboard in Resources */,
			);
			runOnlyForDeploymentPostprocessing = 0;
		};
/* End PBXResourcesBuildPhase section */

/* Begin PBXSourcesBuildPhase section */
		E119F5021E8E4A1D00042B37 /* Sources */ = {
			isa = PBXSourcesBuildPhase;
			buildActionMask = 2147483647;
			files = (
				E119F50C1E8E4A1D00042B37 /* ViewController.swift in Sources */,
				E119F50A1E8E4A1D00042B37 /* AppDelegate.swift in Sources */,
			);
			runOnlyForDeploymentPostprocessing = 0;
		};
/* End PBXSourcesBuildPhase section */

/* Begin PBXVariantGroup section */
		E119F50D1E8E4A1D00042B37 /* Main.storyboard */ = {
			isa = PBXVariantGroup;
			children = (
				E119F50E1E8E4A1D00042B37 /* Base */,
			);
			name = Main.storyboard;
			sourceTree = "<group>";
		};
		E119F5121E8E4A1D00042B37 /* LaunchScreen.storyboard */ = {
			isa = PBXVariantGroup;
			children = (
				E119F5131E8E4A1D00042B37 /* Base */,
			);
			name = LaunchScreen.storyboard;
			sourceTree = "<group>";
		};
/* End PBXVariantGroup section */

/* Begin XCBuildConfiguration section */
		E119F5161E8E4A1D00042B37 /* Debug */ = {
			isa = XCBuildConfiguration;
			buildSettings = {
				ALWAYS_SEARCH_USER_PATHS = NO;
				CLANG_ANALYZER_NONNULL = YES;
				CLANG_CXX_LANGUAGE_STANDARD = "gnu++0x";
				CLANG_CXX_LIBRARY = "libc++";
				CLANG_ENABLE_MODULES = YES;
				CLANG_ENABLE_OBJC_ARC = YES;
				CLANG_WARN_BOOL_CONVERSION = YES;
				CLANG_WARN_CONSTANT_CONVERSION = YES;
				CLANG_WARN_DIRECT_OBJC_ISA_USAGE = YES_ERROR;
				CLANG_WARN_DOCUMENTATION_COMMENTS = YES;
				CLANG_WARN_EMPTY_BODY = YES;
				CLANG_WARN_ENUM_CONVERSION = YES;
				CLANG_WARN_INFINITE_RECURSION = YES;
				CLANG_WARN_INT_CONVERSION = YES;
				CLANG_WARN_OBJC_ROOT_CLASS = YES_ERROR;
				CLANG_WARN_SUSPICIOUS_MOVE = YES;
				CLANG_WARN_UNREACHABLE_CODE = YES;
				CLANG_WARN__DUPLICATE_METHOD_MATCH = YES;
				"CODE_SIGN_IDENTITY[sdk=iphoneos*]" = "iPhone Developer";
				COPY_PHASE_STRIP = NO;
				DEBUG_INFORMATION_FORMAT = dwarf;
				ENABLE_STRICT_OBJC_MSGSEND = YES;
				ENABLE_TESTABILITY = YES;
				GCC_C_LANGUAGE_STANDARD = gnu99;
				GCC_DYNAMIC_NO_PIC = NO;
				GCC_NO_COMMON_BLOCKS = YES;
				GCC_OPTIMIZATION_LEVEL = 0;
				GCC_PREPROCESSOR_DEFINITIONS = (
					"DEBUG=1",
					"$(inherited)",
				);
				GCC_WARN_64_TO_32_BIT_CONVERSION = YES;
				GCC_WARN_ABOUT_RETURN_TYPE = YES_ERROR;
				GCC_WARN_UNDECLARED_SELECTOR = YES;
				GCC_WARN_UNINITIALIZED_AUTOS = YES_AGGRESSIVE;
				GCC_WARN_UNUSED_FUNCTION = YES;
				GCC_WARN_UNUSED_VARIABLE = YES;
				IPHONEOS_DEPLOYMENT_TARGET = 10.2;
				MTL_ENABLE_DEBUG_INFO = YES;
				ONLY_ACTIVE_ARCH = YES;
				SDKROOT = iphoneos;
				SWIFT_ACTIVE_COMPILATION_CONDITIONS = DEBUG;
				SWIFT_OPTIMIZATION_LEVEL = "-Onone";
			};
			name = Debug;
		};
		E119F5171E8E4A1D00042B37 /* Release */ = {
			isa = XCBuildConfiguration;
			buildSettings = {
				ALWAYS_SEARCH_USER_PATHS = NO;
				CLANG_ANALYZER_NONNULL = YES;
				CLANG_CXX_LANGUAGE_STANDARD = "gnu++0x";
				CLANG_CXX_LIBRARY = "libc++";
				CLANG_ENABLE_MODULES = YES;
				CLANG_ENABLE_OBJC_ARC = YES;
				CLANG_WARN_BOOL_CONVERSION = YES;
				CLANG_WARN_CONSTANT_CONVERSION = YES;
				CLANG_WARN_DIRECT_OBJC_ISA_USAGE = YES_ERROR;
				CLANG_WARN_DOCUMENTATION_COMMENTS = YES;
				CLANG_WARN_EMPTY_BODY = YES;
				CLANG_WARN_ENUM_CONVERSION = YES;
				CLANG_WARN_INFINITE_RECURSION = YES;
				CLANG_WARN_INT_CONVERSION = YES;
				CLANG_WARN_OBJC_ROOT_CLASS = YES_ERROR;
				CLANG_WARN_SUSPICIOUS_MOVE = YES;
				CLANG_WARN_UNREACHABLE_CODE = YES;
				CLANG_WARN__DUPLICATE_METHOD_MATCH = YES;
				"CODE_SIGN_IDENTITY[sdk=iphoneos*]" = "iPhone Developer";
				COPY_PHASE_STRIP = NO;
				DEBUG_INFORMATION_FORMAT = "dwarf-with-dsym";
				ENABLE_NS_ASSERTIONS = NO;
				ENABLE_STRICT_OBJC_MSGSEND = YES;
				GCC_C_LANGUAGE_STANDARD = gnu99;
				GCC_NO_COMMON_BLOCKS = YES;
				GCC_WARN_64_TO_32_BIT_CONVERSION = YES;
				GCC_WARN_ABOUT_RETURN_TYPE = YES_ERROR;
				GCC_WARN_UNDECLARED_SELECTOR = YES;
				GCC_WARN_UNINITIALIZED_AUTOS = YES_AGGRESSIVE;
				GCC_WARN_UNUSED_FUNCTION = YES;
				GCC_WARN_UNUSED_VARIABLE = YES;
				IPHONEOS_DEPLOYMENT_TARGET = 10.2;
				MTL_ENABLE_DEBUG_INFO = NO;
				SDKROOT = iphoneos;
				SWIFT_OPTIMIZATION_LEVEL = "-Owholemodule";
				VALIDATE_PRODUCT = YES;
			};
			name = Release;
		};
		E119F5191E8E4A1D00042B37 /* Debug */ = {
			isa = XCBuildConfiguration;
			buildSettings = {
				ASSETCATALOG_COMPILER_APPICON_NAME = AppIcon;
				DEVELOPMENT_TEAM = JGQ4YX7BY4;
				INFOPLIST_FILE = AvPlayer/Info.plist;
				LD_RUNPATH_SEARCH_PATHS = "$(inherited) @executable_path/Frameworks";
				PRODUCT_BUNDLE_IDENTIFIER = com.apress.AvPlayer;
				PRODUCT_NAME = "$(TARGET_NAME)";
				SWIFT_VERSION = 3.0;
			};
			name = Debug;
		};
		E119F51A1E8E4A1D00042B37 /* Release */ = {
			isa = XCBuildConfiguration;
			buildSettings = {
				ASSETCATALOG_COMPILER_APPICON_NAME = AppIcon;
				DEVELOPMENT_TEAM = JGQ4YX7BY4;
				INFOPLIST_FILE = AvPlayer/Info.plist;
				LD_RUNPATH_SEARCH_PATHS = "$(inherited) @executable_path/Frameworks";
				PRODUCT_BUNDLE_IDENTIFIER = com.apress.AvPlayer;
				PRODUCT_NAME = "$(TARGET_NAME)";
				SWIFT_VERSION = 3.0;
			};
			name = Release;
		};
/* End XCBuildConfiguration section */

/* Begin XCConfigurationList section */
		E119F5011E8E4A1D00042B37 /* Build configuration list for PBXProject "AvPlayer" */ = {
			isa = XCConfigurationList;
			buildConfigurations = (
				E119F5161E8E4A1D00042B37 /* Debug */,
				E119F5171E8E4A1D00042B37 /* Release */,
			);
			defaultConfigurationIsVisible = 0;
			defaultConfigurationName = Release;
		};
		E119F5181E8E4A1D00042B37 /* Build configuration list for PBXNativeTarget "AvPlayer" */ = {
			isa = XCConfigurationList;
			buildConfigurations = (
				E119F5191E8E4A1D00042B37 /* Debug */,
				E119F51A1E8E4A1D00042B37 /* Release */,
			);
			defaultConfigurationIsVisible = 0;
		};
/* End XCConfigurationList section */
	};
	rootObject = E119F4FE1E8E4A1D00042B37 /* Project object */;
}
